
Microsoft Visual Studio Solution File, Format Version 12.00
# Visual Studio Version 17
VisualStudioVersion = 17.7.34031.279
MinimumVisualStudioVersion = 10.0.40219.1
Project("{FAE04EC0-301F-11D3-BF4B-00C04F79EFBC}") = "tipos de datos", "tipos de datos\tipos de datos.csproj", "{62501B3E-05EB-447E-9933-3592323F9E29}"
EndProject
Global
	GlobalSection(SolutionConfigurationPlatforms) = preSolution
		Debug|Any CPU = Debug|Any CPU
		Release|Any CPU = Release|Any CPU
	EndGlobalSection
	GlobalSection(ProjectConfigurationPlatforms) = postSolution
		{62501B3E-05EB-447E-9933-3592323F9E29}.Debug|Any CPU.ActiveCfg = Debug|Any CPU
		{62501B3E-05EB-447E-9933-3592323F9E29}.Debug|Any CPU.Build.0 = Debug|Any CPU
		{62501B3E-05EB-447E-9933-3592323F9E29}.Release|Any CPU.ActiveCfg = Release|Any CPU
		{62501B3E-05EB-447E-9933-3592323F9E29}.Release|Any CPU.Build.0 = Release|Any CPU
	EndGlobalSection
	GlobalSection(SolutionProperties) = preSolution
		HideSolutionNode = FALSE
	EndGlobalSection
	GlobalSection(ExtensibilityGlobals) = postSolution
		SolutionGuid = {28C171D7-1B26-4D47-B111-4D7075C4FD9F}
	EndGlobalSection
EndGlobal
